Microsoft Visual Studio Solution File, Format Version 11.00
# Visual Studio 2008

Project("{131D2818-3540-6E39-F2AD-597F7AA1F8E3}") = "Basic New 2", "Assembly-CSharp-vs.csproj", "{5A20E55E-5177-6CD9-C763-D36AB8C01AE3}"
EndProject
Global
	GlobalSection(SolutionConfigurationPlatforms) = preSolution
		Debug|Any CPU = Debug|Any CPU
		Release|Any CPU = Release|Any CPU
	EndGlobalSection
	GlobalSection(ProjectConfigurationPlatforms) = postSolution
		{5A20E55E-5177-6CD9-C763-D36AB8C01AE3}.Debug|Any CPU.ActiveCfg = Debug|Any CPU
		{5A20E55E-5177-6CD9-C763-D36AB8C01AE3}.Debug|Any CPU.Build.0 = Debug|Any CPU
		{5A20E55E-5177-6CD9-C763-D36AB8C01AE3}.Release|Any CPU.ActiveCfg = Release|Any CPU
		{5A20E55E-5177-6CD9-C763-D36AB8C01AE3}.Release|Any CPU.Build.0 = Release|Any CPU
	EndGlobalSection
	GlobalSection(SolutionProperties) = preSolution
		HideSolutionNode = FALSE
	EndGlobalSection
																				GlobalSection(MonoDevelopProperties) = preSolution
		StartupItem = Assembly-CSharp.csproj
		Policies = $0
		$0.TextStylePolicy = $1
		$1.inheritsSet = null
		$1.scope = text/x-csharp
		$0.CSharpFormattingPolicy = $2
		$2.inheritsSet = Mono
		$2.inheritsScope = text/x-csharp
		$2.scope = text/x-csharp
		$0.TextStylePolicy = $3
		$3.FileWidth = 120
		$3.TabWidth = 4
		$3.EolMarker = Unix
		$3.inheritsSet = Mono
		$3.inheritsScope = text/plain
		$3.scope = text/plain
	EndGlobalSection

EndGlobal
